
Microsoft Visual Studio Solution File, Format Version 12.00
# Visual Studio Version 16
VisualStudioVersion = 16.0.30114.105
MinimumVisualStudioVersion = 10.0.40219.1
Project("{9A19103F-16F7-4668-BE54-9A1E7A4F7556}") = "ArabicNumeralToRomanNumeralConverter", "ArabicNumeralToRomanNumeralConverter\ArabicNumeralToRomanNumeralConverter.csproj", "{77266C8D-6BE9-46D0-873F-33B4061063EB}"
EndProject
Project("{9A19103F-16F7-4668-BE54-9A1E7A4F7556}") = "FahrenheitToCelciusConverter", "FahrenheirToCelciusConverter\FahrenheitToCelciusConverter.csproj", "{858E29DC-3357-4CFF-B897-DEC104F061B8}"
EndProject
Project("{FAE04EC0-301F-11D3-BF4B-00C04F79EFBC}") = "FahrenheitToCelciusConverterTests", "FahrenheirToCelciusConverterTests\FahrenheitToCelciusConverterTests.csproj", "{4BEC3C3D-3518-4A6D-A2F2-3190DA87A26E}"
EndProject
Project("{FAE04EC0-301F-11D3-BF4B-00C04F79EFBC}") = "ArabicNumeralToRomanNumeralConverterTests", "ArabicNumeralToRomanNumeralConverterTests\ArabicNumeralToRomanNumeralConverterTests.csproj", "{DD2A47CF-A8DA-4094-B794-0523C9896C46}"
EndProject
Global
	GlobalSection(SolutionConfigurationPlatforms) = preSolution
		Debug|Any CPU = Debug|Any CPU
		Debug|x64 = Debug|x64
		Debug|x86 = Debug|x86
		Release|Any CPU = Release|Any CPU
		Release|x64 = Release|x64
		Release|x86 = Release|x86
	EndGlobalSection
	GlobalSection(ProjectConfigurationPlatforms) = postSolution
		{77266C8D-6BE9-46D0-873F-33B4061063EB}.Debug|Any CPU.ActiveCfg = Debug|Any CPU
		{77266C8D-6BE9-46D0-873F-33B4061063EB}.Debug|Any CPU.Build.0 = Debug|Any CPU
		{77266C8D-6BE9-46D0-873F-33B4061063EB}.Debug|x64.ActiveCfg = Debug|Any CPU
		{77266C8D-6BE9-46D0-873F-33B4061063EB}.Debug|x64.Build.0 = Debug|Any CPU
		{77266C8D-6BE9-46D0-873F-33B4061063EB}.Debug|x86.ActiveCfg = Debug|Any CPU
		{77266C8D-6BE9-46D0-873F-33B4061063EB}.Debug|x86.Build.0 = Debug|Any CPU
		{77266C8D-6BE9-46D0-873F-33B4061063EB}.Release|Any CPU.ActiveCfg = Release|Any CPU
		{77266C8D-6BE9-46D0-873F-33B4061063EB}.Release|Any CPU.Build.0 = Release|Any CPU
		{77266C8D-6BE9-46D0-873F-33B4061063EB}.Release|x64.ActiveCfg = Release|Any CPU
		{77266C8D-6BE9-46D0-873F-33B4061063EB}.Release|x64.Build.0 = Release|Any CPU
		{77266C8D-6BE9-46D0-873F-33B4061063EB}.Release|x86.ActiveCfg = Release|Any CPU
		{77266C8D-6BE9-46D0-873F-33B4061063EB}.Release|x86.Build.0 = Release|Any CPU
		{858E29DC-3357-4CFF-B897-DEC104F061B8}.Debug|Any CPU.ActiveCfg = Debug|Any CPU
		{858E29DC-3357-4CFF-B897-DEC104F061B8}.Debug|Any CPU.Build.0 = Debug|Any CPU
		{858E29DC-3357-4CFF-B897-DEC104F061B8}.Debug|x64.ActiveCfg = Debug|Any CPU
		{858E29DC-3357-4CFF-B897-DEC104F061B8}.Debug|x64.Build.0 = Debug|Any CPU
		{858E29DC-3357-4CFF-B897-DEC104F061B8}.Debug|x86.ActiveCfg = Debug|Any CPU
		{858E29DC-3357-4CFF-B897-DEC104F061B8}.Debug|x86.Build.0 = Debug|Any CPU
		{858E29DC-3357-4CFF-B897-DEC104F061B8}.Release|Any CPU.ActiveCfg = Release|Any CPU
		{858E29DC-3357-4CFF-B897-DEC104F061B8}.Release|Any CPU.Build.0 = Release|Any CPU
		{858E29DC-3357-4CFF-B897-DEC104F061B8}.Release|x64.ActiveCfg = Release|Any CPU
		{858E29DC-3357-4CFF-B897-DEC104F061B8}.Release|x64.Build.0 = Release|Any CPU
		{858E29DC-3357-4CFF-B897-DEC104F061B8}.Release|x86.ActiveCfg = Release|Any CPU
		{858E29DC-3357-4CFF-B897-DEC104F061B8}.Release|x86.Build.0 = Release|Any CPU
		{4BEC3C3D-3518-4A6D-A2F2-3190DA87A26E}.Debug|Any CPU.ActiveCfg = Debug|Any CPU
		{4BEC3C3D-3518-4A6D-A2F2-3190DA87A26E}.Debug|Any CPU.Build.0 = Debug|Any CPU
		{4BEC3C3D-3518-4A6D-A2F2-3190DA87A26E}.Debug|x64.ActiveCfg = Debug|Any CPU
		{4BEC3C3D-3518-4A6D-A2F2-3190DA87A26E}.Debug|x64.Build.0 = Debug|Any CPU
		{4BEC3C3D-3518-4A6D-A2F2-3190DA87A26E}.Debug|x86.ActiveCfg = Debug|Any CPU
		{4BEC3C3D-3518-4A6D-A2F2-3190DA87A26E}.Debug|x86.Build.0 = Debug|Any CPU
		{4BEC3C3D-3518-4A6D-A2F2-3190DA87A26E}.Release|Any CPU.ActiveCfg = Release|Any CPU
		{4BEC3C3D-3518-4A6D-A2F2-3190DA87A26E}.Release|Any CPU.Build.0 = Release|Any CPU
		{4BEC3C3D-3518-4A6D-A2F2-3190DA87A26E}.Release|x64.ActiveCfg = Release|Any CPU
		{4BEC3C3D-3518-4A6D-A2F2-3190DA87A26E}.Release|x64.Build.0 = Release|Any CPU
		{4BEC3C3D-3518-4A6D-A2F2-3190DA87A26E}.Release|x86.ActiveCfg = Release|Any CPU
		{4BEC3C3D-3518-4A6D-A2F2-3190DA87A26E}.Release|x86.Build.0 = Release|Any CPU
		{DD2A47CF-A8DA-4094-B794-0523C9896C46}.Debug|Any CPU.ActiveCfg = Debug|Any CPU
		{DD2A47CF-A8DA-4094-B794-0523C9896C46}.Debug|Any CPU.Build.0 = Debug|Any CPU
		{DD2A47CF-A8DA-4094-B794-0523C9896C46}.Debug|x64.ActiveCfg = Debug|Any CPU
		{DD2A47CF-A8DA-4094-B794-0523C9896C46}.Debug|x64.Build.0 = Debug|Any CPU
		{DD2A47CF-A8DA-4094-B794-0523C9896C46}.Debug|x86.ActiveCfg = Debug|Any CPU
		{DD2A47CF-A8DA-4094-B794-0523C9896C46}.Debug|x86.Build.0 = Debug|Any CPU
		{DD2A47CF-A8DA-4094-B794-0523C9896C46}.Release|Any CPU.ActiveCfg = Release|Any CPU
		{DD2A47CF-A8DA-4094-B794-0523C9896C46}.Release|Any CPU.Build.0 = Release|Any CPU
		{DD2A47CF-A8DA-4094-B794-0523C9896C46}.Release|x64.ActiveCfg = Release|Any CPU
		{DD2A47CF-A8DA-4094-B794-0523C9896C46}.Release|x64.Build.0 = Release|Any CPU
		{DD2A47CF-A8DA-4094-B794-0523C9896C46}.Release|x86.ActiveCfg = Release|Any CPU
		{DD2A47CF-A8DA-4094-B794-0523C9896C46}.Release|x86.Build.0 = Release|Any CPU
	EndGlobalSection
	GlobalSection(SolutionProperties) = preSolution
		HideSolutionNode = FALSE
	EndGlobalSection
	GlobalSection(ExtensibilityGlobals) = postSolution
		SolutionGuid = {995BC3AD-410D-47B0-B3CB-E9C37808729B}
	EndGlobalSection
EndGlobal
